// !$*UTF8*$!
{
	archiveVersion = 1;
	classes = {
	};
	objectVersion = 77;
	objects = {

/* Begin PBXBuildFile section */
		B305963F2E01EAD1002637D8 /* CatFactsApp.swift in Sources */ = {isa = PBXBuildFile; fileRef = B305963A2E01EAD1002637D8 /* CatFactsApp.swift */; };
		B30596402E01EAD1002637D8 /* ListView.swift in Sources */ = {isa = PBXBuildFile; fileRef = B305963B2E01EAD1002637D8 /* ListView.swift */; };
		B30596412E01EAD1002637D8 /* Item.swift in Sources */ = {isa = PBXBuildFile; fileRef = B305963D2E01EAD1002637D8 /* Item.swift */; };
		B30596422E01EAD1002637D8 /* Assets.xcassets in Resources */ = {isa = PBXBuildFile; fileRef = B30596392E01EAD1002637D8 /* Assets.xcassets */; };
		B30596462E01EAE6002637D8 /* CatBreed.swift in Sources */ = {isa = PBXBuildFile; fileRef = B30596452E01EAE6002637D8 /* CatBreed.swift */; };
		B30596492E01EC53002637D8 /* CatViewModel.swift in Sources */ = {isa = PBXBuildFile; fileRef = B30596482E01EC53002637D8 /* CatViewModel.swift */; };
		B305964C2E01F59B002637D8 /* DetailView.swift in Sources */ = {isa = PBXBuildFile; fileRef = B305964B2E01F59B002637D8 /* DetailView.swift */; };
/* End PBXBuildFile section */

/* Begin PBXContainerItemProxy section */
		B305961B2E01EA1E002637D8 /* PBXContainerItemProxy */ = {
			isa = PBXContainerItemProxy;
			containerPortal = B30596032E01EA1C002637D8 /* Project object */;
			proxyType = 1;
			remoteGlobalIDString = B305960A2E01EA1C002637D8;
			remoteInfo = CatFacts;
		};
		B30596252E01EA1E002637D8 /* PBXContainerItemProxy */ = {
			isa = PBXContainerItemProxy;
			containerPortal = B30596032E01EA1C002637D8 /* Project object */;
			proxyType = 1;
			remoteGlobalIDString = B305960A2E01EA1C002637D8;
			remoteInfo = CatFacts;
		};
/* End PBXContainerItemProxy section */

/* Begin PBXFileReference section */
		B305960B2E01EA1C002637D8 /* CatFacts.app */ = {isa = PBXFileReference; explicitFileType = wrapper.application; includeInIndex = 0; path = CatFacts.app; sourceTree = BUILT_PRODUCTS_DIR; };
		B305961A2E01EA1E002637D8 /* CatFactsTests.xctest */ = {isa = PBXFileReference; explicitFileType = wrapper.cfbundle; includeInIndex = 0; path = CatFactsTests.xctest; sourceTree = BUILT_PRODUCTS_DIR; };
		B30596242E01EA1E002637D8 /* CatFactsUITests.xctest */ = {isa = PBXFileReference; explicitFileType = wrapper.cfbundle; includeInIndex = 0; path = CatFactsUITests.xctest; sourceTree = BUILT_PRODUCTS_DIR; };
		B30596392E01EAD1002637D8 /* Assets.xcassets */ = {isa = PBXFileReference; lastKnownFileType = folder.assetcatalog; path = Assets.xcassets; sourceTree = "<group>"; };
		B305963A2E01EAD1002637D8 /* CatFactsApp.swift */ = {isa = PBXFileReference; lastKnownFileType = sourcecode.swift; path = CatFactsApp.swift; sourceTree = "<group>"; };
		B305963B2E01EAD1002637D8 /* ListView.swift */ = {isa = PBXFileReference; lastKnownFileType = sourcecode.swift; path = ListView.swift; sourceTree = "<group>"; };
		B305963C2E01EAD1002637D8 /* Info.plist */ = {isa = PBXFileReference; lastKnownFileType = text.plist.xml; path = Info.plist; sourceTree = "<group>"; };
		B305963D2E01EAD1002637D8 /* Item.swift */ = {isa = PBXFileReference; lastKnownFileType = sourcecode.swift; path = Item.swift; sourceTree = "<group>"; };
		B30596452E01EAE6002637D8 /* CatBreed.swift */ = {isa = PBXFileReference; lastKnownFileType = sourcecode.swift; path = CatBreed.swift; sourceTree = "<group>"; };
		B30596482E01EC53002637D8 /* CatViewModel.swift */ = {isa = PBXFileReference; lastKnownFileType = sourcecode.swift; path = CatViewModel.swift; sourceTree = "<group>"; };
		B305964B2E01F59B002637D8 /* DetailView.swift */ = {isa = PBXFileReference; lastKnownFileType = sourcecode.swift; path = DetailView.swift; sourceTree = "<group>"; };
/* End PBXFileReference section */

/* Begin PBXFileSystemSynchronizedRootGroup section */
		B305961D2E01EA1E002637D8 /* CatFactsTests */ = {
			isa = PBXFileSystemSynchronizedRootGroup;
			path = CatFactsTests;
			sourceTree = "<group>";
		};
		B30596272E01EA1E002637D8 /* CatFactsUITests */ = {
			isa = PBXFileSystemSynchronizedRootGroup;
			path = CatFactsUITests;
			sourceTree = "<group>";
		};
/* End PBXFileSystemSynchronizedRootGroup section */

/* Begin PBXFrameworksBuildPhase section */
		B30596082E01EA1C002637D8 /* Frameworks */ = {
			isa = PBXFrameworksBuildPhase;
			buildActionMask = 2147483647;
			files = (
			);
			runOnlyForDeploymentPostprocessing = 0;
		};
		B30596172E01EA1E002637D8 /* Frameworks */ = {
			isa = PBXFrameworksBuildPhase;
			buildActionMask = 2147483647;
			files = (
			);
			runOnlyForDeploymentPostprocessing = 0;
		};
		B30596212E01EA1E002637D8 /* Frameworks */ = {
			isa = PBXFrameworksBuildPhase;
			buildActionMask = 2147483647;
			files = (
			);
			runOnlyForDeploymentPostprocessing = 0;
		};
/* End PBXFrameworksBuildPhase section */

/* Begin PBXGroup section */
		B30596022E01EA1C002637D8 = {
			isa = PBXGroup;
			children = (
				B305963E2E01EAD1002637D8 /* CatFacts */,
				B305961D2E01EA1E002637D8 /* CatFactsTests */,
				B30596272E01EA1E002637D8 /* CatFactsUITests */,
				B305960C2E01EA1C002637D8 /* Products */,
			);
			sourceTree = "<group>";
		};
		B305960C2E01EA1C002637D8 /* Products */ = {
			isa = PBXGroup;
			children = (
				B305960B2E01EA1C002637D8 /* CatFacts.app */,
				B305961A2E01EA1E002637D8 /* CatFactsTests.xctest */,
				B30596242E01EA1E002637D8 /* CatFactsUITests.xctest */,
			);
			name = Products;
			sourceTree = "<group>";
		};
		B305963E2E01EAD1002637D8 /* CatFacts */ = {
			isa = PBXGroup;
			children = (
				B305964A2E01F1B0002637D8 /* Views */,
				B30596472E01EC3D002637D8 /* ViewModels */,
				B30596442E01EAD7002637D8 /* Models */,
				B30596392E01EAD1002637D8 /* Assets.xcassets */,
				B305963A2E01EAD1002637D8 /* CatFactsApp.swift */,
				B305963C2E01EAD1002637D8 /* Info.plist */,
				B305963D2E01EAD1002637D8 /* Item.swift */,
			);
			path = CatFacts;
			sourceTree = "<group>";
		};
		B30596442E01EAD7002637D8 /* Models */ = {
			isa = PBXGroup;
			children = (
				B30596452E01EAE6002637D8 /* CatBreed.swift */,
			);
			path = Models;
			sourceTree = "<group>";
		};
		B30596472E01EC3D002637D8 /* ViewModels */ = {
			isa = PBXGroup;
			children = (
				B30596482E01EC53002637D8 /* CatViewModel.swift */,
			);
			path = ViewModels;
			sourceTree = "<group>";
		};
		B305964A2E01F1B0002637D8 /* Views */ = {
			isa = PBXGroup;
			children = (
				B305963B2E01EAD1002637D8 /* ListView.swift */,
				B305964B2E01F59B002637D8 /* DetailView.swift */,
			);
			path = Views;
			sourceTree = "<group>";
		};
/* End PBXGroup section */

/* Begin PBXNativeTarget section */
		B305960A2E01EA1C002637D8 /* CatFacts */ = {
			isa = PBXNativeTarget;
			buildConfigurationList = B305962E2E01EA1E002637D8 /* Build configuration list for PBXNativeTarget "CatFacts" */;
			buildPhases = (
				B30596072E01EA1C002637D8 /* Sources */,
				B30596082E01EA1C002637D8 /* Frameworks */,
				B30596092E01EA1C002637D8 /* Resources */,
			);
			buildRules = (
			);
			dependencies = (
			);
			name = CatFacts;
			packageProductDependencies = (
			);
			productName = CatFacts;
			productReference = B305960B2E01EA1C002637D8 /* CatFacts.app */;
			productType = "com.apple.product-type.application";
		};
		B30596192E01EA1E002637D8 /* CatFactsTests */ = {
			isa = PBXNativeTarget;
			buildConfigurationList = B30596312E01EA1E002637D8 /* Build configuration list for PBXNativeTarget "CatFactsTests" */;
			buildPhases = (
				B30596162E01EA1E002637D8 /* Sources */,
				B30596172E01EA1E002637D8 /* Frameworks */,
				B30596182E01EA1E002637D8 /* Resources */,
			);
			buildRules = (
			);
			dependencies = (
				B305961C2E01EA1E002637D8 /* PBXTargetDependency */,
			);
			fileSystemSynchronizedGroups = (
				B305961D2E01EA1E002637D8 /* CatFactsTests */,
			);
			name = CatFactsTests;
			packageProductDependencies = (
			);
			productName = CatFactsTests;
			productReference = B305961A2E01EA1E002637D8 /* CatFactsTests.xctest */;
			productType = "com.apple.product-type.bundle.unit-test";
		};
		B30596232E01EA1E002637D8 /* CatFactsUITests */ = {
			isa = PBXNativeTarget;
			buildConfigurationList = B30596342E01EA1E002637D8 /* Build configuration list for PBXNativeTarget "CatFactsUITests" */;
			buildPhases = (
				B30596202E01EA1E002637D8 /* Sources */,
				B30596212E01EA1E002637D8 /* Frameworks */,
				B30596222E01EA1E002637D8 /* Resources */,
			);
			buildRules = (
			);
			dependencies = (
				B30596262E01EA1E002637D8 /* PBXTargetDependency */,
			);
			fileSystemSynchronizedGroups = (
				B30596272E01EA1E002637D8 /* CatFactsUITests */,
			);
			name = CatFactsUITests;
			packageProductDependencies = (
			);
			productName = CatFactsUITests;
			productReference = B30596242E01EA1E002637D8 /* CatFactsUITests.xctest */;
			productType = "com.apple.product-type.bundle.ui-testing";
		};
/* End PBXNativeTarget section */

/* Begin PBXProject section */
		B30596032E01EA1C002637D8 /* Project object */ = {
			isa = PBXProject;
			attributes = {
				BuildIndependentTargetsInParallel = 1;
				LastSwiftUpdateCheck = 1640;
				LastUpgradeCheck = 1640;
				TargetAttributes = {
					B305960A2E01EA1C002637D8 = {
						CreatedOnToolsVersion = 16.4;
					};
					B30596192E01EA1E002637D8 = {
						CreatedOnToolsVersion = 16.4;
						TestTargetID = B305960A2E01EA1C002637D8;
					};
					B30596232E01EA1E002637D8 = {
						CreatedOnToolsVersion = 16.4;
						TestTargetID = B305960A2E01EA1C002637D8;
					};
				};
			};
			buildConfigurationList = B30596062E01EA1C002637D8 /* Build configuration list for PBXProject "CatFacts" */;
			developmentRegion = en;
			hasScannedForEncodings = 0;
			knownRegions = (
				en,
				Base,
			);
			mainGroup = B30596022E01EA1C002637D8;
			minimizedProjectReferenceProxies = 1;
			preferredProjectObjectVersion = 77;
			productRefGroup = B305960C2E01EA1C002637D8 /* Products */;
			projectDirPath = "";
			projectRoot = "";
			targets = (
				B305960A2E01EA1C002637D8 /* CatFacts */,
				B30596192E01EA1E002637D8 /* CatFactsTests */,
				B30596232E01EA1E002637D8 /* CatFactsUITests */,
			);
		};
/* End PBXProject section */

/* Begin PBXResourcesBuildPhase section */
		B30596092E01EA1C002637D8 /* Resources */ = {
			isa = PBXResourcesBuildPhase;
			buildActionMask = 2147483647;
			files = (
				B30596422E01EAD1002637D8 /* Assets.xcassets in Resources */,
			);
			runOnlyForDeploymentPostprocessing = 0;
		};
		B30596182E01EA1E002637D8 /* Resources */ = {
			isa = PBXResourcesBuildPhase;
			buildActionMask = 2147483647;
			files = (
			);
			runOnlyForDeploymentPostprocessing = 0;
		};
		B30596222E01EA1E002637D8 /* Resources */ = {
			isa = PBXResourcesBuildPhase;
			buildActionMask = 2147483647;
			files = (
			);
			runOnlyForDeploymentPostprocessing = 0;
		};
/* End PBXResourcesBuildPhase section */

/* Begin PBXSourcesBuildPhase section */
		B30596072E01EA1C002637D8 /* Sources */ = {
			isa = PBXSourcesBuildPhase;
			buildActionMask = 2147483647;
			files = (
				B305963F2E01EAD1002637D8 /* CatFactsApp.swift in Sources */,
				B305964C2E01F59B002637D8 /* DetailView.swift in Sources */,
				B30596402E01EAD1002637D8 /* ListView.swift in Sources */,
				B30596412E01EAD1002637D8 /* Item.swift in Sources */,
				B30596492E01EC53002637D8 /* CatViewModel.swift in Sources */,
				B30596462E01EAE6002637D8 /* CatBreed.swift in Sources */,
			);
			runOnlyForDeploymentPostprocessing = 0;
		};
		B30596162E01EA1E002637D8 /* Sources */ = {
			isa = PBXSourcesBuildPhase;
			buildActionMask = 2147483647;
			files = (
			);
			runOnlyForDeploymentPostprocessing = 0;
		};
		B30596202E01EA1E002637D8 /* Sources */ = {
			isa = PBXSourcesBuildPhase;
			buildActionMask = 2147483647;
			files = (
			);
			runOnlyForDeploymentPostprocessing = 0;
		};
/* End PBXSourcesBuildPhase section */

/* Begin PBXTargetDependency section */
		B305961C2E01EA1E002637D8 /* PBXTargetDependency */ = {
			isa = PBXTargetDependency;
			target = B305960A2E01EA1C002637D8 /* CatFacts */;
			targetProxy = B305961B2E01EA1E002637D8 /* PBXContainerItemProxy */;
		};
		B30596262E01EA1E002637D8 /* PBXTargetDependency */ = {
			isa = PBXTargetDependency;
			target = B305960A2E01EA1C002637D8 /* CatFacts */;
			targetProxy = B30596252E01EA1E002637D8 /* PBXContainerItemProxy */;
		};
/* End PBXTargetDependency section */

/* Begin XCBuildConfiguration section */
		B305962C2E01EA1E002637D8 /* Debug */ = {
			isa = XCBuildConfiguration;
			buildSettings = {
				ALWAYS_SEARCH_USER_PATHS = NO;
				ASSETCATALOG_COMPILER_GENERATE_SWIFT_ASSET_SYMBOL_EXTENSIONS = YES;
				CLANG_ANALYZER_NONNULL = YES;
				CLANG_ANALYZER_NUMBER_OBJECT_CONVERSION = YES_AGGRESSIVE;
				CLANG_CXX_LANGUAGE_STANDARD = "gnu++20";
				CLANG_ENABLE_MODULES = YES;
				CLANG_ENABLE_OBJC_ARC = YES;
				CLANG_ENABLE_OBJC_WEAK = YES;
				CLANG_WARN_BLOCK_CAPTURE_AUTORELEASING = YES;
				CLANG_WARN_BOOL_CONVERSION = YES;
				CLANG_WARN_COMMA = YES;
				CLANG_WARN_CONSTANT_CONVERSION = YES;
				CLANG_WARN_DEPRECATED_OBJC_IMPLEMENTATIONS = YES;
				CLANG_WARN_DIRECT_OBJC_ISA_USAGE = YES_ERROR;
				CLANG_WARN_DOCUMENTATION_COMMENTS = YES;
				CLANG_WARN_EMPTY_BODY = YES;
				CLANG_WARN_ENUM_CONVERSION = YES;
				CLANG_WARN_INFINITE_RECURSION = YES;
				CLANG_WARN_INT_CONVERSION = YES;
				CLANG_WARN_NON_LITERAL_NULL_CONVERSION = YES;
				CLANG_WARN_OBJC_IMPLICIT_RETAIN_SELF = YES;
				CLANG_WARN_OBJC_LITERAL_CONVERSION = YES;
				CLANG_WARN_OBJC_ROOT_CLASS = YES_ERROR;
				CLANG_WARN_QUOTED_INCLUDE_IN_FRAMEWORK_HEADER = YES;
				CLANG_WARN_RANGE_LOOP_ANALYSIS = YES;
				CLANG_WARN_STRICT_PROTOTYPES = YES;
				CLANG_WARN_SUSPICIOUS_MOVE = YES;
				CLANG_WARN_UNGUARDED_AVAILABILITY = YES_AGGRESSIVE;
				CLANG_WARN_UNREACHABLE_CODE = YES;
				CLANG_WARN__DUPLICATE_METHOD_MATCH = YES;
				COPY_PHASE_STRIP = NO;
				DEBUG_INFORMATION_FORMAT = dwarf;
				DEVELOPMENT_TEAM = P8H8N95LKS;
				ENABLE_STRICT_OBJC_MSGSEND = YES;
				ENABLE_TESTABILITY = YES;
				ENABLE_USER_SCRIPT_SANDBOXING = YES;
				GCC_C_LANGUAGE_STANDARD = gnu17;
				GCC_DYNAMIC_NO_PIC = NO;
				GCC_NO_COMMON_BLOCKS = YES;
				GCC_OPTIMIZATION_LEVEL = 0;
				GCC_PREPROCESSOR_DEFINITIONS = (
					"DEBUG=1",
					"$(inherited)",
				);
				GCC_WARN_64_TO_32_BIT_CONVERSION = YES;
				GCC_WARN_ABOUT_RETURN_TYPE = YES_ERROR;
				GCC_WARN_UNDECLARED_SELECTOR = YES;
				GCC_WARN_UNINITIALIZED_AUTOS = YES_AGGRESSIVE;
				GCC_WARN_UNUSED_FUNCTION = YES;
				GCC_WARN_UNUSED_VARIABLE = YES;
				IPHONEOS_DEPLOYMENT_TARGET = 18.5;
				LOCALIZATION_PREFERS_STRING_CATALOGS = YES;
				MTL_ENABLE_DEBUG_INFO = INCLUDE_SOURCE;
				MTL_FAST_MATH = YES;
				ONLY_ACTIVE_ARCH = YES;
				SDKROOT = iphoneos;
				SWIFT_ACTIVE_COMPILATION_CONDITIONS = "DEBUG $(inherited)";
				SWIFT_OPTIMIZATION_LEVEL = "-Onone";
			};
			name = Debug;
		};
		B305962D2E01EA1E002637D8 /* Release */ = {
			isa = XCBuildConfiguration;
			buildSettings = {
				ALWAYS_SEARCH_USER_PATHS = NO;
				ASSETCATALOG_COMPILER_GENERATE_SWIFT_ASSET_SYMBOL_EXTENSIONS = YES;
				CLANG_ANALYZER_NONNULL = YES;
				CLANG_ANALYZER_NUMBER_OBJECT_CONVERSION = YES_AGGRESSIVE;
				CLANG_CXX_LANGUAGE_STANDARD = "gnu++20";
				CLANG_ENABLE_MODULES = YES;
				CLANG_ENABLE_OBJC_ARC = YES;
				CLANG_ENABLE_OBJC_WEAK = YES;
				CLANG_WARN_BLOCK_CAPTURE_AUTORELEASING = YES;
				CLANG_WARN_BOOL_CONVERSION = YES;
				CLANG_WARN_COMMA = YES;
				CLANG_WARN_CONSTANT_CONVERSION = YES;
				CLANG_WARN_DEPRECATED_OBJC_IMPLEMENTATIONS = YES;
				CLANG_WARN_DIRECT_OBJC_ISA_USAGE = YES_ERROR;
				CLANG_WARN_DOCUMENTATION_COMMENTS = YES;
				CLANG_WARN_EMPTY_BODY = YES;
				CLANG_WARN_ENUM_CONVERSION = YES;
				CLANG_WARN_INFINITE_RECURSION = YES;
				CLANG_WARN_INT_CONVERSION = YES;
				CLANG_WARN_NON_LITERAL_NULL_CONVERSION = YES;
				CLANG_WARN_OBJC_IMPLICIT_RETAIN_SELF = YES;
				CLANG_WARN_OBJC_LITERAL_CONVERSION = YES;
				CLANG_WARN_OBJC_ROOT_CLASS = YES_ERROR;
				CLANG_WARN_QUOTED_INCLUDE_IN_FRAMEWORK_HEADER = YES;
				CLANG_WARN_RANGE_LOOP_ANALYSIS = YES;
				CLANG_WARN_STRICT_PROTOTYPES = YES;
				CLANG_WARN_SUSPICIOUS_MOVE = YES;
				CLANG_WARN_UNGUARDED_AVAILABILITY = YES_AGGRESSIVE;
				CLANG_WARN_UNREACHABLE_CODE = YES;
				CLANG_WARN__DUPLICATE_METHOD_MATCH = YES;
				COPY_PHASE_STRIP = NO;
				DEBUG_INFORMATION_FORMAT = "dwarf-with-dsym";
				DEVELOPMENT_TEAM = P8H8N95LKS;
				ENABLE_NS_ASSERTIONS = NO;
				ENABLE_STRICT_OBJC_MSGSEND = YES;
				ENABLE_USER_SCRIPT_SANDBOXING = YES;
				GCC_C_LANGUAGE_STANDARD = gnu17;
				GCC_NO_COMMON_BLOCKS = YES;
				GCC_WARN_64_TO_32_BIT_CONVERSION = YES;
				GCC_WARN_ABOUT_RETURN_TYPE = YES_ERROR;
				GCC_WARN_UNDECLARED_SELECTOR = YES;
				GCC_WARN_UNINITIALIZED_AUTOS = YES_AGGRESSIVE;
				GCC_WARN_UNUSED_FUNCTION = YES;
				GCC_WARN_UNUSED_VARIABLE = YES;
				IPHONEOS_DEPLOYMENT_TARGET = 18.5;
				LOCALIZATION_PREFERS_STRING_CATALOGS = YES;
				MTL_ENABLE_DEBUG_INFO = NO;
				MTL_FAST_MATH = YES;
				SDKROOT = iphoneos;
				SWIFT_COMPILATION_MODE = wholemodule;
				VALIDATE_PRODUCT = YES;
			};
			name = Release;
		};
		B305962F2E01EA1E002637D8 /* Debug */ = {
			isa = XCBuildConfiguration;
			buildSettings = {
				ASSETCATALOG_COMPILER_APPICON_NAME = AppIcon;
				ASSETCATALOG_COMPILER_GLOBAL_ACCENT_COLOR_NAME = AccentColor;
				CODE_SIGN_STYLE = Automatic;
				CURRENT_PROJECT_VERSION = 1;
				DEVELOPMENT_TEAM = P8H8N95LKS;
				ENABLE_PREVIEWS = YES;
				GENERATE_INFOPLIST_FILE = YES;
				INFOPLIST_FILE = CatFacts/Info.plist;
				INFOPLIST_KEY_UIApplicationSceneManifest_Generation = YES;
				INFOPLIST_KEY_UIApplicationSupportsIndirectInputEvents = YES;
				INFOPLIST_KEY_UISupportedInterfaceOrientations_iPad = "UIInterfaceOrientationPortrait UIInterfaceOrientationPortraitUpsideDown UIInterfaceOrientationLandscapeLeft UIInterfaceOrientationLandscapeRight";
				INFOPLIST_KEY_UISupportedInterfaceOrientations_iPhone = "UIInterfaceOrientationPortrait UIInterfaceOrientationLandscapeLeft UIInterfaceOrientationLandscapeRight";
				LD_RUNPATH_SEARCH_PATHS = (
					"$(inherited)",
					"@executable_path/Frameworks",
				);
				MARKETING_VERSION = 1.0;
				PRODUCT_BUNDLE_IDENTIFIER = com.lifecoachfaq.CatFacts;
				PRODUCT_NAME = "$(TARGET_NAME)";
				SWIFT_EMIT_LOC_STRINGS = YES;
				SWIFT_VERSION = 5.0;
				TARGETED_DEVICE_FAMILY = "1,2";
			};
			name = Debug;
		};
		B30596302E01EA1E002637D8 /* Release */ = {
			isa = XCBuildConfiguration;
			buildSettings = {
				ASSETCATALOG_COMPILER_APPICON_NAME = AppIcon;
				ASSETCATALOG_COMPILER_GLOBAL_ACCENT_COLOR_NAME = AccentColor;
				CODE_SIGN_STYLE = Automatic;
				CURRENT_PROJECT_VERSION = 1;
				DEVELOPMENT_TEAM = P8H8N95LKS;
				ENABLE_PREVIEWS = YES;
				GENERATE_INFOPLIST_FILE = YES;
				INFOPLIST_FILE = CatFacts/Info.plist;
				INFOPLIST_KEY_UIApplicationSceneManifest_Generation = YES;
				INFOPLIST_KEY_UIApplicationSupportsIndirectInputEvents = YES;
				INFOPLIST_KEY_UISupportedInterfaceOrientations_iPad = "UIInterfaceOrientationPortrait UIInterfaceOrientationPortraitUpsideDown UIInterfaceOrientationLandscapeLeft UIInterfaceOrientationLandscapeRight";
				INFOPLIST_KEY_UISupportedInterfaceOrientations_iPhone = "UIInterfaceOrientationPortrait UIInterfaceOrientationLandscapeLeft UIInterfaceOrientationLandscapeRight";
				LD_RUNPATH_SEARCH_PATHS = (
					"$(inherited)",
					"@executable_path/Frameworks",
				);
				MARKETING_VERSION = 1.0;
				PRODUCT_BUNDLE_IDENTIFIER = com.lifecoachfaq.CatFacts;
				PRODUCT_NAME = "$(TARGET_NAME)";
				SWIFT_EMIT_LOC_STRINGS = YES;
				SWIFT_VERSION = 5.0;
				TARGETED_DEVICE_FAMILY = "1,2";
			};
			name = Release;
		};
		B30596322E01EA1E002637D8 /* Debug */ = {
			isa = XCBuildConfiguration;
			buildSettings = {
				BUNDLE_LOADER = "$(TEST_HOST)";
				CODE_SIGN_STYLE = Automatic;
				CURRENT_PROJECT_VERSION = 1;
				DEVELOPMENT_TEAM = P8H8N95LKS;
				GENERATE_INFOPLIST_FILE = YES;
				IPHONEOS_DEPLOYMENT_TARGET = 18.5;
				MARKETING_VERSION = 1.0;
				PRODUCT_BUNDLE_IDENTIFIER = com.lifecoachfaq.CatFactsTests;
				PRODUCT_NAME = "$(TARGET_NAME)";
				SWIFT_EMIT_LOC_STRINGS = NO;
				SWIFT_VERSION = 5.0;
				TARGETED_DEVICE_FAMILY = "1,2";
				TEST_HOST = "$(BUILT_PRODUCTS_DIR)/CatFacts.app/$(BUNDLE_EXECUTABLE_FOLDER_PATH)/CatFacts";
			};
			name = Debug;
		};
		B30596332E01EA1E002637D8 /* Release */ = {
			isa = XCBuildConfiguration;
			buildSettings = {
				BUNDLE_LOADER = "$(TEST_HOST)";
				CODE_SIGN_STYLE = Automatic;
				CURRENT_PROJECT_VERSION = 1;
				DEVELOPMENT_TEAM = P8H8N95LKS;
				GENERATE_INFOPLIST_FILE = YES;
				IPHONEOS_DEPLOYMENT_TARGET = 18.5;
				MARKETING_VERSION = 1.0;
				PRODUCT_BUNDLE_IDENTIFIER = com.lifecoachfaq.CatFactsTests;
				PRODUCT_NAME = "$(TARGET_NAME)";
				SWIFT_EMIT_LOC_STRINGS = NO;
				SWIFT_VERSION = 5.0;
				TARGETED_DEVICE_FAMILY = "1,2";
				TEST_HOST = "$(BUILT_PRODUCTS_DIR)/CatFacts.app/$(BUNDLE_EXECUTABLE_FOLDER_PATH)/CatFacts";
			};
			name = Release;
		};
		B30596352E01EA1E002637D8 /* Debug */ = {
			isa = XCBuildConfiguration;
			buildSettings = {
				CODE_SIGN_STYLE = Automatic;
				CURRENT_PROJECT_VERSION = 1;
				DEVELOPMENT_TEAM = P8H8N95LKS;
				GENERATE_INFOPLIST_FILE = YES;
				MARKETING_VERSION = 1.0;
				PRODUCT_BUNDLE_IDENTIFIER = com.lifecoachfaq.CatFactsUITests;
				PRODUCT_NAME = "$(TARGET_NAME)";
				SWIFT_EMIT_LOC_STRINGS = NO;
				SWIFT_VERSION = 5.0;
				TARGETED_DEVICE_FAMILY = "1,2";
				TEST_TARGET_NAME = CatFacts;
			};
			name = Debug;
		};
		B30596362E01EA1E002637D8 /* Release */ = {
			isa = XCBuildConfiguration;
			buildSettings = {
				CODE_SIGN_STYLE = Automatic;
				CURRENT_PROJECT_VERSION = 1;
				DEVELOPMENT_TEAM = P8H8N95LKS;
				GENERATE_INFOPLIST_FILE = YES;
				MARKETING_VERSION = 1.0;
				PRODUCT_BUNDLE_IDENTIFIER = com.lifecoachfaq.CatFactsUITests;
				PRODUCT_NAME = "$(TARGET_NAME)";
				SWIFT_EMIT_LOC_STRINGS = NO;
				SWIFT_VERSION = 5.0;
				TARGETED_DEVICE_FAMILY = "1,2";
				TEST_TARGET_NAME = CatFacts;
			};
			name = Release;
		};
/* End XCBuildConfiguration section */

/* Begin XCConfigurationList section */
		B30596062E01EA1C002637D8 /* Build configuration list for PBXProject "CatFacts" */ = {
			isa = XCConfigurationList;
			buildConfigurations = (
				B305962C2E01EA1E002637D8 /* Debug */,
				B305962D2E01EA1E002637D8 /* Release */,
			);
			defaultConfigurationIsVisible = 0;
			defaultConfigurationName = Release;
		};
		B305962E2E01EA1E002637D8 /* Build configuration list for PBXNativeTarget "CatFacts" */ = {
			isa = XCConfigurationList;
			buildConfigurations = (
				B305962F2E01EA1E002637D8 /* Debug */,
				B30596302E01EA1E002637D8 /* Release */,
			);
			defaultConfigurationIsVisible = 0;
			defaultConfigurationName = Release;
		};
		B30596312E01EA1E002637D8 /* Build configuration list for PBXNativeTarget "CatFactsTests" */ = {
			isa = XCConfigurationList;
			buildConfigurations = (
				B30596322E01EA1E002637D8 /* Debug */,
				B30596332E01EA1E002637D8 /* Release */,
			);
			defaultConfigurationIsVisible = 0;
			defaultConfigurationName = Release;
		};
		B30596342E01EA1E002637D8 /* Build configuration list for PBXNativeTarget "CatFactsUITests" */ = {
			isa = XCConfigurationList;
			buildConfigurations = (
				B30596352E01EA1E002637D8 /* Debug */,
				B30596362E01EA1E002637D8 /* Release */,
			);
			defaultConfigurationIsVisible = 0;
			defaultConfigurationName = Release;
		};
/* End XCConfigurationList section */
	};
	rootObject = B30596032E01EA1C002637D8 /* Project object */;
}
